{
    __meta__ = {
        version = "1.0"
    },
    ["windows|x64"] = {
        ["cmake#f56260b5"] = {
            repo = {
                branch = "master",
                commit = "0c880166ddde499631ccf8de3d1b879aa02b0ccb",
                url = "https://gitee.com/tboox/xmake-repo.git"
            },
            version = "4.2.3"
        },
        ["directxmath 2024.02#f56260b5"] = {
            repo = {
                branch = "master",
                commit = "0c880166ddde499631ccf8de3d1b879aa02b0ccb",
                url = "https://gitee.com/tboox/xmake-repo.git"
            },
            version = "2024.02"
        },
        ["directxtk 24.2.0#f56260b5"] = {
            repo = {
                branch = "master",
                commit = "0c880166ddde499631ccf8de3d1b879aa02b0ccb",
                url = "https://gitee.com/tboox/xmake-repo.git"
            },
            version = "24.2.0"
        },
        ["eigen#f56260b5"] = {
            repo = {
                branch = "master",
                commit = "0c880166ddde499631ccf8de3d1b879aa02b0ccb",
                url = "https://gitee.com/tboox/xmake-repo.git"
            },
            version = "5.0.1"
        },
        ["glm#f56260b5"] = {
            repo = {
                branch = "master",
                commit = "0c880166ddde499631ccf8de3d1b879aa02b0ccb",
                url = "https://gitee.com/tboox/xmake-repo.git"
            },
            version = "1.0.3"
        },
        ["magic_enum#f56260b5"] = {
            repo = {
                branch = "master",
                commit = "0c880166ddde499631ccf8de3d1b879aa02b0ccb",
                url = "https://gitee.com/tboox/xmake-repo.git"
            },
            version = "v0.9.7"
        },
        ["ninja#f56260b5"] = {
            repo = {
                branch = "master",
                commit = "0c880166ddde499631ccf8de3d1b879aa02b0ccb",
                url = "https://gitee.com/tboox/xmake-repo.git"
            },
            version = "1.13.2"
        },
        ["nlohmann_json#f56260b5"] = {
            repo = {
                branch = "master",
                commit = "0c880166ddde499631ccf8de3d1b879aa02b0ccb",
                url = "https://gitee.com/tboox/xmake-repo.git"
            },
            version = "v3.12.0"
        },
        ["simpleini#f56260b5"] = {
            repo = {
                branch = "master",
                commit = "0c880166ddde499631ccf8de3d1b879aa02b0ccb",
                url = "https://gitee.com/tboox/xmake-repo.git"
            },
            version = "v4.25"
        },
        ["spdlog v1.16.0#09c8c173"] = {
            repo = {
                branch = "master",
                commit = "0c880166ddde499631ccf8de3d1b879aa02b0ccb",
                url = "https://gitee.com/tboox/xmake-repo.git"
            },
            version = "v1.16.0"
        },
        ["yaml-cpp#f56260b5"] = {
            repo = {
                branch = "master",
                commit = "0c880166ddde499631ccf8de3d1b879aa02b0ccb",
                url = "https://gitee.com/tboox/xmake-repo.git"
            },
            version = "0.8.0"
        }
    }
}