<?xml version="1.0" encoding="utf-8"?>
<!--
xmake version 3.0.1+HEAD.3350cc5ab

  This file is auto generated by xmake.

  Please DO NOT EDIT since all your modification will lost after re-generation.
  See https://github.com/xmake-io/xmake/pull/472 for more infomation.
-->
<Project ToolsVersion="4.0" xmlns="http://schemas.microsoft.com/developer/msbuild/2003">
  <ItemGroup>
    <Filter Include="Properties">
      <UniqueIdentifier>{CC7C6180-942D-056E-3227-E6A2B3FB19CD}</UniqueIdentifier>
    </Filter>
    <Filter Include="build">
      <UniqueIdentifier>{70D66F0B-F6E8-4D26-B3C6-AB7F43B19511}</UniqueIdentifier>
    </Filter>
    <Filter Include="build\.gens">
      <UniqueIdentifier>{1551A7DB-5785-4F9C-BCAA-EDCB8A8DF839}</UniqueIdentifier>
    </Filter>
    <Filter Include="build\.gens\SexLabUtil">
      <UniqueIdentifier>{2A4E6D26-3FBC-4B2A-910E-FF2D8BDDFC6E}</UniqueIdentifier>
    </Filter>
    <Filter Include="build\.gens\SexLabUtil\windows">
      <UniqueIdentifier>{76282990-7159-4420-8F4B-367D9059280D}</UniqueIdentifier>
    </Filter>
    <Filter Include="build\.gens\SexLabUtil\windows\x64">
      <UniqueIdentifier>{E5436B0D-3D0D-4ACD-9F73-682A38A5F804}</UniqueIdentifier>
    </Filter>
    <Filter Include="build\.gens\SexLabUtil\windows\x64\debug">
      <UniqueIdentifier>{9A36460D-B65D-44A0-BBE1-A81E03E67F04}</UniqueIdentifier>
    </Filter>
    <Filter Include="build\.gens\SexLabUtil\windows\x64\debug\rules">
      <UniqueIdentifier>{8B90290C-91D4-467F-8A6C-C162E3186D46}</UniqueIdentifier>
    </Filter>
    <Filter Include="build\.gens\SexLabUtil\windows\x64\debug\rules\commonlibsse-ng">
      <UniqueIdentifier>{494BA401-1416-4947-8748-4F708EE3C892}</UniqueIdentifier>
    </Filter>
    <Filter Include="build\.gens\SexLabUtil\windows\x64\debug\rules\commonlibsse-ng\plugin">
      <UniqueIdentifier>{C97FC48D-F962-4ACD-A23E-40C85FADB57D}</UniqueIdentifier>
    </Filter>
    <Filter Include="build\.gens\SexLabUtil\windows\x64\release">
      <UniqueIdentifier>{5E013AE1-E69B-4EB8-9D4E-B0ACEC2FC90B}</UniqueIdentifier>
    </Filter>
    <Filter Include="build\.gens\SexLabUtil\windows\x64\release\rules">
      <UniqueIdentifier>{FCFA081E-D1CD-486D-A48B-03C72A8D0765}</UniqueIdentifier>
    </Filter>
    <Filter Include="build\.gens\SexLabUtil\windows\x64\release\rules\commonlibsse-ng">
      <UniqueIdentifier>{670C87AE-5A17-421D-9282-9225EBDD3026}</UniqueIdentifier>
    </Filter>
    <Filter Include="build\.gens\SexLabUtil\windows\x64\release\rules\commonlibsse-ng\plugin">
      <UniqueIdentifier>{14F553FA-5E16-4C2F-8562-CC17A07E3A38}</UniqueIdentifier>
    </Filter>
    <Filter Include="build\.gens\SexLabUtil\windows\x64\releasedbg">
      <UniqueIdentifier>{76D50C1F-3F21-4C28-93D4-A3BB20A00B6B}</UniqueIdentifier>
    </Filter>
    <Filter Include="build\.gens\SexLabUtil\windows\x64\releasedbg\rules">
      <UniqueIdentifier>{B0A3F121-FF51-49DA-9755-B0AADDB82BD5}</UniqueIdentifier>
    </Filter>
    <Filter Include="build\.gens\SexLabUtil\windows\x64\releasedbg\rules\commonlibsse-ng">
      <UniqueIdentifier>{16614CF1-311F-4682-A370-C9748E922AF5}</UniqueIdentifier>
    </Filter>
    <Filter Include="build\.gens\SexLabUtil\windows\x64\releasedbg\rules\commonlibsse-ng\plugin">
      <UniqueIdentifier>{334E7E77-AF35-4B11-9F28-ED5BED5D69B1}</UniqueIdentifier>
    </Filter>
    <Filter Include="src">
      <UniqueIdentifier>{491FBF00-292E-479F-8C8F-7A2AC045023A}</UniqueIdentifier>
    </Filter>
    <Filter Include="src\API">
      <UniqueIdentifier>{1E39BC89-6AEA-4B32-AEBC-D60909EB59D2}</UniqueIdentifier>
    </Filter>
    <Filter Include="src\Papyrus">
      <UniqueIdentifier>{78448A38-7C57-45C0-9C86-9E86EED7D1EE}</UniqueIdentifier>
    </Filter>
    <Filter Include="src\Papyrus\sslLibrary">
      <UniqueIdentifier>{2AD2BF6F-10D3-414A-BEC5-9F2B5FA39FE1}</UniqueIdentifier>
    </Filter>
    <Filter Include="src\Papyrus\sslObject">
      <UniqueIdentifier>{2EC626A8-805B-40B3-874A-1B9EA441363B}</UniqueIdentifier>
    </Filter>
    <Filter Include="src\Registry">
      <UniqueIdentifier>{C1431CD6-5480-44A4-875A-5762C990EB4C}</UniqueIdentifier>
    </Filter>
    <Filter Include="src\Registry\Define">
      <UniqueIdentifier>{E1B3E975-1D2F-4515-A8F1-BBCA49AD0C95}</UniqueIdentifier>
    </Filter>
    <Filter Include="src\Registry\Util">
      <UniqueIdentifier>{9BD416BE-0940-406B-AB05-8302E881FA92}</UniqueIdentifier>
    </Filter>
    <Filter Include="src\Registry\Util\RayCast">
      <UniqueIdentifier>{60DDCA45-03DA-4B96-A281-C2817DB14E98}</UniqueIdentifier>
    </Filter>
    <Filter Include="src\Thread">
      <UniqueIdentifier>{FE200AD3-F088-4755-83A2-9CDADD45D952}</UniqueIdentifier>
    </Filter>
    <Filter Include="src\Thread\Interface">
      <UniqueIdentifier>{F3BA3C23-9E9E-4110-B7C0-44326BC42715}</UniqueIdentifier>
    </Filter>
    <Filter Include="src\Thread\NiNode">
      <UniqueIdentifier>{794F2B59-81F1-4E3F-BD0C-4FB717C6B1AC}</UniqueIdentifier>
    </Filter>
    <Filter Include="src\UserData">
      <UniqueIdentifier>{7DE227CA-6B9E-4ADA-A352-5DBE2FFDF704}</UniqueIdentifier>
    </Filter>
    <Filter Include="src\Util">
      <UniqueIdentifier>{30615C26-0A9D-42D9-A6F7-13B772D90DD8}</UniqueIdentifier>
    </Filter>

  </ItemGroup>
  <ItemGroup>
    <None Include="$(MSBuildProjectDirectory)\Xmake.Custom.props">
      <Filter>Properties</Filter>
    </None>
    <None Include="$(MSBuildProjectDirectory)\Xmake.Custom.targets">
      <Filter>Properties</Filter>
    </None>
    <None Include="$(MSBuildProjectDirectory)\Xmake.Custom.items">
      <Filter>Properties</Filter>
    </None>
    <None Include="$(MSBuildProjectDirectory)\Xmake.Custom.items.filters">
      <Filter>Properties</Filter>
    </None>
    <None Include="$(XmakeScriptDir)\xmake.lua">
      <Filter>Properties</Filter>
    </None>
  </ItemGroup>
  <ItemGroup>
    <ClInclude Include="$(XmakeProjectDir)\src\API\IPluginInterface.h">
      <Filter>src\API</Filter>
    </ClInclude>
    <ClInclude Include="$(XmakeProjectDir)\src\GameForms.h">
      <Filter>src</Filter>
    </ClInclude>
    <ClInclude Include="$(XmakeProjectDir)\src\PCH.h">
      <Filter>src</Filter>
    </ClInclude>
    <ClInclude Include="$(XmakeProjectDir)\src\Papyrus\Papyrus.h">
      <Filter>src\Papyrus</Filter>
    </ClInclude>
    <ClInclude Include="$(XmakeProjectDir)\src\Papyrus\SexLabRegistry.h">
      <Filter>src\Papyrus</Filter>
    </ClInclude>
    <ClInclude Include="$(XmakeProjectDir)\src\Papyrus\SexLabUtil.h">
      <Filter>src\Papyrus</Filter>
    </ClInclude>
    <ClInclude Include="$(XmakeProjectDir)\src\Papyrus\sslActorStats.h">
      <Filter>src\Papyrus</Filter>
    </ClInclude>
    <ClInclude Include="$(XmakeProjectDir)\src\Papyrus\sslLibrary\LegacyData.h">
      <Filter>src\Papyrus\sslLibrary</Filter>
    </ClInclude>
    <ClInclude Include="$(XmakeProjectDir)\src\Papyrus\sslLibrary\Serialize.h">
      <Filter>src\Papyrus\sslLibrary</Filter>
    </ClInclude>
    <ClInclude Include="$(XmakeProjectDir)\src\Papyrus\sslLibrary\sslActorLibrary.h">
      <Filter>src\Papyrus\sslLibrary</Filter>
    </ClInclude>
    <ClInclude Include="$(XmakeProjectDir)\src\Papyrus\sslLibrary\sslThreadLibrary.h">
      <Filter>src\Papyrus\sslLibrary</Filter>
    </ClInclude>
    <ClInclude Include="$(XmakeProjectDir)\src\Papyrus\sslObject\sslAnimationSlots.h">
      <Filter>src\Papyrus\sslObject</Filter>
    </ClInclude>
    <ClInclude Include="$(XmakeProjectDir)\src\Papyrus\sslObject\sslCreatureAnimationSlots.h">
      <Filter>src\Papyrus\sslObject</Filter>
    </ClInclude>
    <ClInclude Include="$(XmakeProjectDir)\src\Papyrus\sslObject\sslExpressionSlots.h">
      <Filter>src\Papyrus\sslObject</Filter>
    </ClInclude>
    <ClInclude Include="$(XmakeProjectDir)\src\Papyrus\sslObject\sslVoiceSlots.h">
      <Filter>src\Papyrus\sslObject</Filter>
    </ClInclude>
    <ClInclude Include="$(XmakeProjectDir)\src\Papyrus\sslSystemConfig.h">
      <Filter>src\Papyrus</Filter>
    </ClInclude>
    <ClInclude Include="$(XmakeProjectDir)\src\Papyrus\sslThreadModel.h">
      <Filter>src\Papyrus</Filter>
    </ClInclude>
    <ClInclude Include="$(XmakeProjectDir)\src\Registry\CumFx.h">
      <Filter>src\Registry</Filter>
    </ClInclude>
    <ClInclude Include="$(XmakeProjectDir)\src\Registry\Define\Animation.h">
      <Filter>src\Registry\Define</Filter>
    </ClInclude>
    <ClInclude Include="$(XmakeProjectDir)\src\Registry\Define\Expression.h">
      <Filter>src\Registry\Define</Filter>
    </ClInclude>
    <ClInclude Include="$(XmakeProjectDir)\src\Registry\Define\Fragment.h">
      <Filter>src\Registry\Define</Filter>
    </ClInclude>
    <ClInclude Include="$(XmakeProjectDir)\src\Registry\Define\Furniture.h">
      <Filter>src\Registry\Define</Filter>
    </ClInclude>
    <ClInclude Include="$(XmakeProjectDir)\src\Registry\Define\RaceKey.h">
      <Filter>src\Registry\Define</Filter>
    </ClInclude>
    <ClInclude Include="$(XmakeProjectDir)\src\Registry\Define\Sex.h">
      <Filter>src\Registry\Define</Filter>
    </ClInclude>
    <ClInclude Include="$(XmakeProjectDir)\src\Registry\Define\Tags.h">
      <Filter>src\Registry\Define</Filter>
    </ClInclude>
    <ClInclude Include="$(XmakeProjectDir)\src\Registry\Define\Transform.h">
      <Filter>src\Registry\Define</Filter>
    </ClInclude>
    <ClInclude Include="$(XmakeProjectDir)\src\Registry\Define\Voice.h">
      <Filter>src\Registry\Define</Filter>
    </ClInclude>
    <ClInclude Include="$(XmakeProjectDir)\src\Registry\Library.h">
      <Filter>src\Registry</Filter>
    </ClInclude>
    <ClInclude Include="$(XmakeProjectDir)\src\Registry\Stats.h">
      <Filter>src\Registry</Filter>
    </ClInclude>
    <ClInclude Include="$(XmakeProjectDir)\src\Registry\Util\Decode.h">
      <Filter>src\Registry\Util</Filter>
    </ClInclude>
    <ClInclude Include="$(XmakeProjectDir)\src\Registry\Util\RayCast.h">
      <Filter>src\Registry\Util</Filter>
    </ClInclude>
    <ClInclude Include="$(XmakeProjectDir)\src\Registry\Util\RayCast\Math.h">
      <Filter>src\Registry\Util\RayCast</Filter>
    </ClInclude>
    <ClInclude Include="$(XmakeProjectDir)\src\Registry\Util\RayCast\ObjectBound.h">
      <Filter>src\Registry\Util\RayCast</Filter>
    </ClInclude>
    <ClInclude Include="$(XmakeProjectDir)\src\Registry\Util\RayCast\Offsets.h">
      <Filter>src\Registry\Util\RayCast</Filter>
    </ClInclude>
    <ClInclude Include="$(XmakeProjectDir)\src\Registry\Util\RayCast\bhkLinearCastCollector.h">
      <Filter>src\Registry\Util\RayCast</Filter>
    </ClInclude>
    <ClInclude Include="$(XmakeProjectDir)\src\Registry\Util\RayCast\bhkRigidBodyT.h">
      <Filter>src\Registry\Util\RayCast</Filter>
    </ClInclude>
    <ClInclude Include="$(XmakeProjectDir)\src\Registry\Util\SAT.h">
      <Filter>src\Registry\Util</Filter>
    </ClInclude>
    <ClInclude Include="$(XmakeProjectDir)\src\Registry\Util\Scale.h">
      <Filter>src\Registry\Util</Filter>
    </ClInclude>
    <ClInclude Include="$(XmakeProjectDir)\src\Registry\Validation.h">
      <Filter>src\Registry</Filter>
    </ClInclude>
    <ClInclude Include="$(XmakeProjectDir)\src\Serialization.h">
      <Filter>src</Filter>
    </ClInclude>
    <ClInclude Include="$(XmakeProjectDir)\src\Thread\Interface\Interface.h">
      <Filter>src\Thread\Interface</Filter>
    </ClInclude>
    <ClInclude Include="$(XmakeProjectDir)\src\Thread\Interface\SceneMenu.h">
      <Filter>src\Thread\Interface</Filter>
    </ClInclude>
    <ClInclude Include="$(XmakeProjectDir)\src\Thread\Interface\SelectionMenu.h">
      <Filter>src\Thread\Interface</Filter>
    </ClInclude>
    <ClInclude Include="$(XmakeProjectDir)\src\Thread\NiNode\NiMath.h">
      <Filter>src\Thread\NiNode</Filter>
    </ClInclude>
    <ClInclude Include="$(XmakeProjectDir)\src\Thread\NiNode\NiPosition.h">
      <Filter>src\Thread\NiNode</Filter>
    </ClInclude>
    <ClInclude Include="$(XmakeProjectDir)\src\Thread\NiNode\NiUpdate.h">
      <Filter>src\Thread\NiNode</Filter>
    </ClInclude>
    <ClInclude Include="$(XmakeProjectDir)\src\Thread\NiNode\Node.h">
      <Filter>src\Thread\NiNode</Filter>
    </ClInclude>
    <ClInclude Include="$(XmakeProjectDir)\src\Thread\Thread.h">
      <Filter>src\Thread</Filter>
    </ClInclude>
    <ClInclude Include="$(XmakeProjectDir)\src\UserData\Settings.h">
      <Filter>src\UserData</Filter>
    </ClInclude>
    <ClInclude Include="$(XmakeProjectDir)\src\UserData\StripData.h">
      <Filter>src\UserData</Filter>
    </ClInclude>
    <ClInclude Include="$(XmakeProjectDir)\src\Util\Combinatorics.h">
      <Filter>src\Util</Filter>
    </ClInclude>
    <ClInclude Include="$(XmakeProjectDir)\src\Util\FormLookup.h">
      <Filter>src\Util</Filter>
    </ClInclude>
    <ClInclude Include="$(XmakeProjectDir)\src\Util\Misc.h">
      <Filter>src\Util</Filter>
    </ClInclude>
    <ClInclude Include="$(XmakeProjectDir)\src\Util\Premutation.h">
      <Filter>src\Util</Filter>
    </ClInclude>
    <ClInclude Include="$(XmakeProjectDir)\src\Util\Random.h">
      <Filter>src\Util</Filter>
    </ClInclude>
    <ClInclude Include="$(XmakeProjectDir)\src\Util\Script.h">
      <Filter>src\Util</Filter>
    </ClInclude>
    <ClInclude Include="$(XmakeProjectDir)\src\Util\Singleton.h">
      <Filter>src\Util</Filter>
    </ClInclude>
    <ClInclude Include="$(XmakeProjectDir)\src\Util\StringUtil.h">
      <Filter>src\Util</Filter>
    </ClInclude>
    <ClInclude Include="$(XmakeProjectDir)\src\Util\World.h">
      <Filter>src\Util</Filter>
    </ClInclude>


  </ItemGroup>
  <ItemGroup>

    <ClCompile Include="$(XmakeProjectDir)\build\.gens\SexLabUtil\windows\x64\debug\rules\commonlibsse-ng\plugin\plugin.cpp">
      <Filter>build\.gens\SexLabUtil\windows\x64\debug\rules\commonlibsse-ng\plugin</Filter>
    </ClCompile>
    <ClCompile Include="$(XmakeProjectDir)\build\.gens\SexLabUtil\windows\x64\release\rules\commonlibsse-ng\plugin\plugin.cpp">
      <Filter>build\.gens\SexLabUtil\windows\x64\release\rules\commonlibsse-ng\plugin</Filter>
    </ClCompile>
    <ClCompile Include="$(XmakeProjectDir)\build\.gens\SexLabUtil\windows\x64\releasedbg\rules\commonlibsse-ng\plugin\plugin.cpp">
      <Filter>build\.gens\SexLabUtil\windows\x64\releasedbg\rules\commonlibsse-ng\plugin</Filter>
    </ClCompile>
    <ClCompile Include="$(XmakeProjectDir)\src\Papyrus\Papyrus.cpp">
      <Filter>src\Papyrus</Filter>
    </ClCompile>
    <ClCompile Include="$(XmakeProjectDir)\src\Papyrus\SexLabRegistry.cpp">
      <Filter>src\Papyrus</Filter>
    </ClCompile>
    <ClCompile Include="$(XmakeProjectDir)\src\Papyrus\sslActorStats.cpp">
      <Filter>src\Papyrus</Filter>
    </ClCompile>
    <ClCompile Include="$(XmakeProjectDir)\src\Papyrus\sslLibrary\sslActorLibrary.cpp">
      <Filter>src\Papyrus\sslLibrary</Filter>
    </ClCompile>
    <ClCompile Include="$(XmakeProjectDir)\src\Papyrus\sslLibrary\sslThreadLibrary.cpp">
      <Filter>src\Papyrus\sslLibrary</Filter>
    </ClCompile>
    <ClCompile Include="$(XmakeProjectDir)\src\Papyrus\sslObject\sslAnimationSlots.cpp">
      <Filter>src\Papyrus\sslObject</Filter>
    </ClCompile>
    <ClCompile Include="$(XmakeProjectDir)\src\Papyrus\sslObject\sslCreatureAnimationSlots.cpp">
      <Filter>src\Papyrus\sslObject</Filter>
    </ClCompile>
    <ClCompile Include="$(XmakeProjectDir)\src\Papyrus\sslObject\sslExpressionSlots.cpp">
      <Filter>src\Papyrus\sslObject</Filter>
    </ClCompile>
    <ClCompile Include="$(XmakeProjectDir)\src\Papyrus\sslObject\sslVoiceSlots.cpp">
      <Filter>src\Papyrus\sslObject</Filter>
    </ClCompile>
    <ClCompile Include="$(XmakeProjectDir)\src\Papyrus\sslSystemConfig.cpp">
      <Filter>src\Papyrus</Filter>
    </ClCompile>
    <ClCompile Include="$(XmakeProjectDir)\src\Papyrus\sslThreadModel.cpp">
      <Filter>src\Papyrus</Filter>
    </ClCompile>
    <ClCompile Include="$(XmakeProjectDir)\src\Registry\CumFx.cpp">
      <Filter>src\Registry</Filter>
    </ClCompile>
    <ClCompile Include="$(XmakeProjectDir)\src\Registry\Define\Animation.cpp">
      <Filter>src\Registry\Define</Filter>
    </ClCompile>
    <ClCompile Include="$(XmakeProjectDir)\src\Registry\Define\Expression.cpp">
      <Filter>src\Registry\Define</Filter>
    </ClCompile>
    <ClCompile Include="$(XmakeProjectDir)\src\Registry\Define\Fragment.cpp">
      <Filter>src\Registry\Define</Filter>
    </ClCompile>
    <ClCompile Include="$(XmakeProjectDir)\src\Registry\Define\Furniture.cpp">
      <Filter>src\Registry\Define</Filter>
    </ClCompile>
    <ClCompile Include="$(XmakeProjectDir)\src\Registry\Define\RaceKey.cpp">
      <Filter>src\Registry\Define</Filter>
    </ClCompile>
    <ClCompile Include="$(XmakeProjectDir)\src\Registry\Define\Sex.cpp">
      <Filter>src\Registry\Define</Filter>
    </ClCompile>
    <ClCompile Include="$(XmakeProjectDir)\src\Registry\Define\Tags.cpp">
      <Filter>src\Registry\Define</Filter>
    </ClCompile>
    <ClCompile Include="$(XmakeProjectDir)\src\Registry\Define\Transform.cpp">
      <Filter>src\Registry\Define</Filter>
    </ClCompile>
    <ClCompile Include="$(XmakeProjectDir)\src\Registry\Define\Voice.cpp">
      <Filter>src\Registry\Define</Filter>
    </ClCompile>
    <ClCompile Include="$(XmakeProjectDir)\src\Registry\Library.cpp">
      <Filter>src\Registry</Filter>
    </ClCompile>
    <ClCompile Include="$(XmakeProjectDir)\src\Registry\Library_SaveLoad.cpp">
      <Filter>src\Registry</Filter>
    </ClCompile>
    <ClCompile Include="$(XmakeProjectDir)\src\Registry\Stats.cpp">
      <Filter>src\Registry</Filter>
    </ClCompile>
    <ClCompile Include="$(XmakeProjectDir)\src\Registry\Util\RayCast\ObjectBound.cpp">
      <Filter>src\Registry\Util\RayCast</Filter>
    </ClCompile>
    <ClCompile Include="$(XmakeProjectDir)\src\Registry\Util\RayCast\RayCast.cpp">
      <Filter>src\Registry\Util\RayCast</Filter>
    </ClCompile>
    <ClCompile Include="$(XmakeProjectDir)\src\Registry\Util\Scale.cpp">
      <Filter>src\Registry\Util</Filter>
    </ClCompile>
    <ClCompile Include="$(XmakeProjectDir)\src\Registry\Validation.cpp">
      <Filter>src\Registry</Filter>
    </ClCompile>
    <ClCompile Include="$(XmakeProjectDir)\src\Thread\Interface\SceneMenu.cpp">
      <Filter>src\Thread\Interface</Filter>
    </ClCompile>
    <ClCompile Include="$(XmakeProjectDir)\src\Thread\Interface\SelectionMenu.cpp">
      <Filter>src\Thread\Interface</Filter>
    </ClCompile>
    <ClCompile Include="$(XmakeProjectDir)\src\Thread\NiNode\NiMath.cpp">
      <Filter>src\Thread\NiNode</Filter>
    </ClCompile>
    <ClCompile Include="$(XmakeProjectDir)\src\Thread\NiNode\NiPosition.cpp">
      <Filter>src\Thread\NiNode</Filter>
    </ClCompile>
    <ClCompile Include="$(XmakeProjectDir)\src\Thread\NiNode\NiUpdate.cpp">
      <Filter>src\Thread\NiNode</Filter>
    </ClCompile>
    <ClCompile Include="$(XmakeProjectDir)\src\Thread\NiNode\Node.cpp">
      <Filter>src\Thread\NiNode</Filter>
    </ClCompile>
    <ClCompile Include="$(XmakeProjectDir)\src\Thread\Thread.cpp">
      <Filter>src\Thread</Filter>
    </ClCompile>
    <ClCompile Include="$(XmakeProjectDir)\src\Thread\ThreadCtor.cpp">
      <Filter>src\Thread</Filter>
    </ClCompile>
    <ClCompile Include="$(XmakeProjectDir)\src\UserData\Settings.cpp">
      <Filter>src\UserData</Filter>
    </ClCompile>
    <ClCompile Include="$(XmakeProjectDir)\src\UserData\StripData.cpp">
      <Filter>src\UserData</Filter>
    </ClCompile>
    <ClCompile Include="$(XmakeProjectDir)\src\main.cpp">
      <Filter>src</Filter>
    </ClCompile>



  </ItemGroup>
  <ItemGroup>

  </ItemGroup>
  <ItemGroup>
    <ResourceCompile Include="$(XmakeProjectDir)\build\.gens\SexLabUtil\windows\x64\debug\rules\commonlibsse-ng\plugin\version.rc">
      <Filter>build\.gens\SexLabUtil\windows\x64\debug\rules\commonlibsse-ng\plugin</Filter>
    </ResourceCompile>
    <ResourceCompile Include="$(XmakeProjectDir)\build\.gens\SexLabUtil\windows\x64\release\rules\commonlibsse-ng\plugin\version.rc">
      <Filter>build\.gens\SexLabUtil\windows\x64\release\rules\commonlibsse-ng\plugin</Filter>
    </ResourceCompile>
    <ResourceCompile Include="$(XmakeProjectDir)\build\.gens\SexLabUtil\windows\x64\releasedbg\rules\commonlibsse-ng\plugin\version.rc">
      <Filter>build\.gens\SexLabUtil\windows\x64\releasedbg\rules\commonlibsse-ng\plugin</Filter>
    </ResourceCompile>




  </ItemGroup>
  <Import Condition="Exists('$(MSBuildThisFileDirectory)\Xmake.Custom.files.filters')"
    Project="$(MSBuildThisFileDirectory)\Xmake.Custom.files.filters" />
</Project>
